
Microsoft Visual Studio Solution File, Format Version 12.00
# Visual Studio 15
VisualStudioVersion = 15.0.26730.12
MinimumVisualStudioVersion = 10.0.40219.1
Project("{FAE04EC0-301F-11D3-BF4B-00C04F79EFBC}") = "Builder", "Builder\Builder.csproj", "{CBA69914-0991-44CB-B80F-3A06673EBB8A}"
EndProject
Global
	GlobalSection(SolutionConfigurationPlatforms) = preSolution
		Debug|Any CPU = Debug|Any CPU
		Release|Any CPU = Release|Any CPU
	EndGlobalSection
	GlobalSection(ProjectConfigurationPlatforms) = postSolution
		{CBA69914-0991-44CB-B80F-3A06673EBB8A}.Debug|Any CPU.ActiveCfg = Debug|Any CPU
		{CBA69914-0991-44CB-B80F-3A06673EBB8A}.Debug|Any CPU.Build.0 = Debug|Any CPU
		{CBA69914-0991-44CB-B80F-3A06673EBB8A}.Release|Any CPU.ActiveCfg = Release|Any CPU
		{CBA69914-0991-44CB-B80F-3A06673EBB8A}.Release|Any CPU.Build.0 = Release|Any CPU
	EndGlobalSection
	GlobalSection(SolutionProperties) = preSolution
		HideSolutionNode = FALSE
	EndGlobalSection
	GlobalSection(ExtensibilityGlobals) = postSolution
		SolutionGuid = {4DC89C1B-0C68-40BE-B39E-2001595D4C2C}
	EndGlobalSection
EndGlobal
